// !$*UTF8*$!
{
	archiveVersion = 1;
	classes = {
	};
	objectVersion = 48;
	objects = {

/* Begin PBXBuildFile section */
		41773B9F232A310000DA2240 /* AppDelegate.swift in Sources */ = {isa = PBXBuildFile; fileRef = 41773B9E232A310000DA2240 /* AppDelegate.swift */; };
		41773BA1232A310000DA2240 /* ViewController.swift in Sources */ = {isa = PBXBuildFile; fileRef = 41773BA0232A310000DA2240 /* ViewController.swift */; };
		41773BA4232A310000DA2240 /* Main.storyboard in Resources */ = {isa = PBXBuildFile; fileRef = 41773BA2232A310000DA2240 /* Main.storyboard */; };
		41773BA7232A310000DA2240 /* UI_New_Registration_form.xcdatamodeld in Sources */ = {isa = PBXBuildFile; fileRef = 41773BA5232A310000DA2240 /* UI_New_Registration_form.xcdatamodeld */; };
		41773BA9232A310000DA2240 /* Assets.xcassets in Resources */ = {isa = PBXBuildFile; fileRef = 41773BA8232A310000DA2240 /* Assets.xcassets */; };
		41773BAC232A310000DA2240 /* LaunchScreen.storyboard in Resources */ = {isa = PBXBuildFile; fileRef = 41773BAA232A310000DA2240 /* LaunchScreen.storyboard */; };
		41773BB7232A310000DA2240 /* UI_New_Registration_formTests.swift in Sources */ = {isa = PBXBuildFile; fileRef = 41773BB6232A310000DA2240 /* UI_New_Registration_formTests.swift */; };
		41773BC2232A310100DA2240 /* UI_New_Registration_formUITests.swift in Sources */ = {isa = PBXBuildFile; fileRef = 41773BC1232A310100DA2240 /* UI_New_Registration_formUITests.swift */; };
/* End PBXBuildFile section */

/* Begin PBXContainerItemProxy section */
		41773BB3232A310000DA2240 /* PBXContainerItemProxy */ = {
			isa = PBXContainerItemProxy;
			containerPortal = 41773B93232A310000DA2240 /* Project object */;
			proxyType = 1;
			remoteGlobalIDString = 41773B9A232A310000DA2240;
			remoteInfo = "UI_New Registration form";
		};
		41773BBE232A310100DA2240 /* PBXContainerItemProxy */ = {
			isa = PBXContainerItemProxy;
			containerPortal = 41773B93232A310000DA2240 /* Project object */;
			proxyType = 1;
			remoteGlobalIDString = 41773B9A232A310000DA2240;
			remoteInfo = "UI_New Registration form";
		};
/* End PBXContainerItemProxy section */

/* Begin PBXFileReference section */
		41773B9B232A310000DA2240 /* UI_New Registration form.app */ = {isa = PBXFileReference; explicitFileType = wrapper.application; includeInIndex = 0; path = "UI_New Registration form.app"; sourceTree = BUILT_PRODUCTS_DIR; };
		41773B9E232A310000DA2240 /* AppDelegate.swift */ = {isa = PBXFileReference; lastKnownFileType = sourcecode.swift; path = AppDelegate.swift; sourceTree = "<group>"; };
		41773BA0232A310000DA2240 /* ViewController.swift */ = {isa = PBXFileReference; lastKnownFileType = sourcecode.swift; path = ViewController.swift; sourceTree = "<group>"; };
		41773BA3232A310000DA2240 /* Base */ = {isa = PBXFileReference; lastKnownFileType = file.storyboard; name = Base; path = Base.lproj/Main.storyboard; sourceTree = "<group>"; };
		41773BA6232A310000DA2240 /* UI_New_Registration_form.xcdatamodel */ = {isa = PBXFileReference; lastKnownFileType = wrapper.xcdatamodel; path = UI_New_Registration_form.xcdatamodel; sourceTree = "<group>"; };
		41773BA8232A310000DA2240 /* Assets.xcassets */ = {isa = PBXFileReference; lastKnownFileType = folder.assetcatalog; path = Assets.xcassets; sourceTree = "<group>"; };
		41773BAB232A310000DA2240 /* Base */ = {isa = PBXFileReference; lastKnownFileType = file.storyboard; name = Base; path = Base.lproj/LaunchScreen.storyboard; sourceTree = "<group>"; };
		41773BAD232A310000DA2240 /* Info.plist */ = {isa = PBXFileReference; lastKnownFileType = text.plist.xml; path = Info.plist; sourceTree = "<group>"; };
		41773BB2232A310000DA2240 /* UI_New Registration formTests.xctest */ = {isa = PBXFileReference; explicitFileType = wrapper.cfbundle; includeInIndex = 0; path = "UI_New Registration formTests.xctest"; sourceTree = BUILT_PRODUCTS_DIR; };
		41773BB6232A310000DA2240 /* UI_New_Registration_formTests.swift */ = {isa = PBXFileReference; lastKnownFileType = sourcecode.swift; path = UI_New_Registration_formTests.swift; sourceTree = "<group>"; };
		41773BB8232A310000DA2240 /* Info.plist */ = {isa = PBXFileReference; lastKnownFileType = text.plist.xml; path = Info.plist; sourceTree = "<group>"; };
		41773BBD232A310000DA2240 /* UI_New Registration formUITests.xctest */ = {isa = PBXFileReference; explicitFileType = wrapper.cfbundle; includeInIndex = 0; path = "UI_New Registration formUITests.xctest"; sourceTree = BUILT_PRODUCTS_DIR; };
		41773BC1232A310100DA2240 /* UI_New_Registration_formUITests.swift */ = {isa = PBXFileReference; lastKnownFileType = sourcecode.swift; path = UI_New_Registration_formUITests.swift; sourceTree = "<group>"; };
		41773BC3232A310100DA2240 /* Info.plist */ = {isa = PBXFileReference; lastKnownFileType = text.plist.xml; path = Info.plist; sourceTree = "<group>"; };
/* End PBXFileReference section */

/* Begin PBXFrameworksBuildPhase section */
		41773B98232A310000DA2240 /* Frameworks */ = {
			isa = PBXFrameworksBuildPhase;
			buildActionMask = 2147483647;
			files = (
			);
			runOnlyForDeploymentPostprocessing = 0;
		};
		41773BAF232A310000DA2240 /* Frameworks */ = {
			isa = PBXFrameworksBuildPhase;
			buildActionMask = 2147483647;
			files = (
			);
			runOnlyForDeploymentPostprocessing = 0;
		};
		41773BBA232A310000DA2240 /* Frameworks */ = {
			isa = PBXFrameworksBuildPhase;
			buildActionMask = 2147483647;
			files = (
			);
			runOnlyForDeploymentPostprocessing = 0;
		};
/* End PBXFrameworksBuildPhase section */

/* Begin PBXGroup section */
		41773B92232A310000DA2240 = {
			isa = PBXGroup;
			children = (
				41773B9D232A310000DA2240 /* UI_New Registration form */,
				41773BB5232A310000DA2240 /* UI_New Registration formTests */,
				41773BC0232A310100DA2240 /* UI_New Registration formUITests */,
				41773B9C232A310000DA2240 /* Products */,
			);
			sourceTree = "<group>";
		};
		41773B9C232A310000DA2240 /* Products */ = {
			isa = PBXGroup;
			children = (
				41773B9B232A310000DA2240 /* UI_New Registration form.app */,
				41773BB2232A310000DA2240 /* UI_New Registration formTests.xctest */,
				41773BBD232A310000DA2240 /* UI_New Registration formUITests.xctest */,
			);
			name = Products;
			sourceTree = "<group>";
		};
		41773B9D232A310000DA2240 /* UI_New Registration form */ = {
			isa = PBXGroup;
			children = (
				41773B9E232A310000DA2240 /* AppDelegate.swift */,
				41773BA0232A310000DA2240 /* ViewController.swift */,
				41773BA2232A310000DA2240 /* Main.storyboard */,
				41773BA8232A310000DA2240 /* Assets.xcassets */,
				41773BAA232A310000DA2240 /* LaunchScreen.storyboard */,
				41773BAD232A310000DA2240 /* Info.plist */,
				41773BA5232A310000DA2240 /* UI_New_Registration_form.xcdatamodeld */,
			);
			path = "UI_New Registration form";
			sourceTree = "<group>";
		};
		41773BB5232A310000DA2240 /* UI_New Registration formTests */ = {
			isa = PBXGroup;
			children = (
				41773BB6232A310000DA2240 /* UI_New_Registration_formTests.swift */,
				41773BB8232A310000DA2240 /* Info.plist */,
			);
			path = "UI_New Registration formTests";
			sourceTree = "<group>";
		};
		41773BC0232A310100DA2240 /* UI_New Registration formUITests */ = {
			isa = PBXGroup;
			children = (
				41773BC1232A310100DA2240 /* UI_New_Registration_formUITests.swift */,
				41773BC3232A310100DA2240 /* Info.plist */,
			);
			path = "UI_New Registration formUITests";
			sourceTree = "<group>";
		};
/* End PBXGroup section */

/* Begin PBXNativeTarget section */
		41773B9A232A310000DA2240 /* UI_New Registration form */ = {
			isa = PBXNativeTarget;
			buildConfigurationList = 41773BC6232A310100DA2240 /* Build configuration list for PBXNativeTarget "UI_New Registration form" */;
			buildPhases = (
				41773B97232A310000DA2240 /* Sources */,
				41773B98232A310000DA2240 /* Frameworks */,
				41773B99232A310000DA2240 /* Resources */,
			);
			buildRules = (
			);
			dependencies = (
			);
			name = "UI_New Registration form";
			productName = "UI_New Registration form";
			productReference = 41773B9B232A310000DA2240 /* UI_New Registration form.app */;
			productType = "com.apple.product-type.application";
		};
		41773BB1232A310000DA2240 /* UI_New Registration formTests */ = {
			isa = PBXNativeTarget;
			buildConfigurationList = 41773BC9232A310100DA2240 /* Build configuration list for PBXNativeTarget "UI_New Registration formTests" */;
			buildPhases = (
				41773BAE232A310000DA2240 /* Sources */,
				41773BAF232A310000DA2240 /* Frameworks */,
				41773BB0232A310000DA2240 /* Resources */,
			);
			buildRules = (
			);
			dependencies = (
				41773BB4232A310000DA2240 /* PBXTargetDependency */,
			);
			name = "UI_New Registration formTests";
			productName = "UI_New Registration formTests";
			productReference = 41773BB2232A310000DA2240 /* UI_New Registration formTests.xctest */;
			productType = "com.apple.product-type.bundle.unit-test";
		};
		41773BBC232A310000DA2240 /* UI_New Registration formUITests */ = {
			isa = PBXNativeTarget;
			buildConfigurationList = 41773BCC232A310100DA2240 /* Build configuration list for PBXNativeTarget "UI_New Registration formUITests" */;
			buildPhases = (
				41773BB9232A310000DA2240 /* Sources */,
				41773BBA232A310000DA2240 /* Frameworks */,
				41773BBB232A310000DA2240 /* Resources */,
			);
			buildRules = (
			);
			dependencies = (
				41773BBF232A310100DA2240 /* PBXTargetDependency */,
			);
			name = "UI_New Registration formUITests";
			productName = "UI_New Registration formUITests";
			productReference = 41773BBD232A310000DA2240 /* UI_New Registration formUITests.xctest */;
			productType = "com.apple.product-type.bundle.ui-testing";
		};
/* End PBXNativeTarget section */

/* Begin PBXProject section */
		41773B93232A310000DA2240 /* Project object */ = {
			isa = PBXProject;
			attributes = {
				LastSwiftUpdateCheck = 0920;
				LastUpgradeCheck = 0920;
				ORGANIZATIONNAME = COe;
				TargetAttributes = {
					41773B9A232A310000DA2240 = {
						CreatedOnToolsVersion = 9.2;
						ProvisioningStyle = Automatic;
					};
					41773BB1232A310000DA2240 = {
						CreatedOnToolsVersion = 9.2;
						ProvisioningStyle = Automatic;
						TestTargetID = 41773B9A232A310000DA2240;
					};
					41773BBC232A310000DA2240 = {
						CreatedOnToolsVersion = 9.2;
						ProvisioningStyle = Automatic;
						TestTargetID = 41773B9A232A310000DA2240;
					};
				};
			};
			buildConfigurationList = 41773B96232A310000DA2240 /* Build configuration list for PBXProject "UI_New Registration form" */;
			compatibilityVersion = "Xcode 8.0";
			developmentRegion = en;
			hasScannedForEncodings = 0;
			knownRegions = (
				en,
				Base,
			);
			mainGroup = 41773B92232A310000DA2240;
			productRefGroup = 41773B9C232A310000DA2240 /* Products */;
			projectDirPath = "";
			projectRoot = "";
			targets = (
				41773B9A232A310000DA2240 /* UI_New Registration form */,
				41773BB1232A310000DA2240 /* UI_New Registration formTests */,
				41773BBC232A310000DA2240 /* UI_New Registration formUITests */,
			);
		};
/* End PBXProject section */

/* Begin PBXResourcesBuildPhase section */
		41773B99232A310000DA2240 /* Resources */ = {
			isa = PBXResourcesBuildPhase;
			buildActionMask = 2147483647;
			files = (
				41773BAC232A310000DA2240 /* LaunchScreen.storyboard in Resources */,
				41773BA9232A310000DA2240 /* Assets.xcassets in Resources */,
				41773BA4232A310000DA2240 /* Main.storyboard in Resources */,
			);
			runOnlyForDeploymentPostprocessing = 0;
		};
		41773BB0232A310000DA2240 /* Resources */ = {
			isa = PBXResourcesBuildPhase;
			buildActionMask = 2147483647;
			files = (
			);
			runOnlyForDeploymentPostprocessing = 0;
		};
		41773BBB232A310000DA2240 /* Resources */ = {
			isa = PBXResourcesBuildPhase;
			buildActionMask = 2147483647;
			files = (
			);
			runOnlyForDeploymentPostprocessing = 0;
		};
/* End PBXResourcesBuildPhase section */

/* Begin PBXSourcesBuildPhase section */
		41773B97232A310000DA2240 /* Sources */ = {
			isa = PBXSourcesBuildPhase;
			buildActionMask = 2147483647;
			files = (
				41773BA7232A310000DA2240 /* UI_New_Registration_form.xcdatamodeld in Sources */,
				41773BA1232A310000DA2240 /* ViewController.swift in Sources */,
				41773B9F232A310000DA2240 /* AppDelegate.swift in Sources */,
			);
			runOnlyForDeploymentPostprocessing = 0;
		};
		41773BAE232A310000DA2240 /* Sources */ = {
			isa = PBXSourcesBuildPhase;
			buildActionMask = 2147483647;
			files = (
				41773BB7232A310000DA2240 /* UI_New_Registration_formTests.swift in Sources */,
			);
			runOnlyForDeploymentPostprocessing = 0;
		};
		41773BB9232A310000DA2240 /* Sources */ = {
			isa = PBXSourcesBuildPhase;
			buildActionMask = 2147483647;
			files = (
				41773BC2232A310100DA2240 /* UI_New_Registration_formUITests.swift in Sources */,
			);
			runOnlyForDeploymentPostprocessing = 0;
		};
/* End PBXSourcesBuildPhase section */

/* Begin PBXTargetDependency section */
		41773BB4232A310000DA2240 /* PBXTargetDependency */ = {
			isa = PBXTargetDependency;
			target = 41773B9A232A310000DA2240 /* UI_New Registration form */;
			targetProxy = 41773BB3232A310000DA2240 /* PBXContainerItemProxy */;
		};
		41773BBF232A310100DA2240 /* PBXTargetDependency */ = {
			isa = PBXTargetDependency;
			target = 41773B9A232A310000DA2240 /* UI_New Registration form */;
			targetProxy = 41773BBE232A310100DA2240 /* PBXContainerItemProxy */;
		};
/* End PBXTargetDependency section */

/* Begin PBXVariantGroup section */
		41773BA2232A310000DA2240 /* Main.storyboard */ = {
			isa = PBXVariantGroup;
			children = (
				41773BA3232A310000DA2240 /* Base */,
			);
			name = Main.storyboard;
			sourceTree = "<group>";
		};
		41773BAA232A310000DA2240 /* LaunchScreen.storyboard */ = {
			isa = PBXVariantGroup;
			children = (
				41773BAB232A310000DA2240 /* Base */,
			);
			name = LaunchScreen.storyboard;
			sourceTree = "<group>";
		};
/* End PBXVariantGroup section */

/* Begin XCBuildConfiguration section */
		41773BC4232A310100DA2240 /* Debug */ = {
			isa = XCBuildConfiguration;
			buildSettings = {
				ALWAYS_SEARCH_USER_PATHS = NO;
				CLANG_ANALYZER_NONNULL = YES;
				CLANG_ANALYZER_NUMBER_OBJECT_CONVERSION = YES_AGGRESSIVE;
				CLANG_CXX_LANGUAGE_STANDARD = "gnu++14";
				CLANG_CXX_LIBRARY = "libc++";
				CLANG_ENABLE_MODULES = YES;
				CLANG_ENABLE_OBJC_ARC = YES;
				CLANG_WARN_BLOCK_CAPTURE_AUTORELEASING = YES;
				CLANG_WARN_BOOL_CONVERSION = YES;
				CLANG_WARN_COMMA = YES;
				CLANG_WARN_CONSTANT_CONVERSION = YES;
				CLANG_WARN_DIRECT_OBJC_ISA_USAGE = YES_ERROR;
				CLANG_WARN_DOCUMENTATION_COMMENTS = YES;
				CLANG_WARN_EMPTY_BODY = YES;
				CLANG_WARN_ENUM_CONVERSION = YES;
				CLANG_WARN_INFINITE_RECURSION = YES;
				CLANG_WARN_INT_CONVERSION = YES;
				CLANG_WARN_NON_LITERAL_NULL_CONVERSION = YES;
				CLANG_WARN_OBJC_LITERAL_CONVERSION = YES;
				CLANG_WARN_OBJC_ROOT_CLASS = YES_ERROR;
				CLANG_WARN_RANGE_LOOP_ANALYSIS = YES;
				CLANG_WARN_STRICT_PROTOTYPES = YES;
				CLANG_WARN_SUSPICIOUS_MOVE = YES;
				CLANG_WARN_UNGUARDED_AVAILABILITY = YES_AGGRESSIVE;
				CLANG_WARN_UNREACHABLE_CODE = YES;
				CLANG_WARN__DUPLICATE_METHOD_MATCH = YES;
				CODE_SIGN_IDENTITY = "iPhone Developer";
				COPY_PHASE_STRIP = NO;
				DEBUG_INFORMATION_FORMAT = dwarf;
				ENABLE_STRICT_OBJC_MSGSEND = YES;
				ENABLE_TESTABILITY = YES;
				GCC_C_LANGUAGE_STANDARD = gnu11;
				GCC_DYNAMIC_NO_PIC = NO;
				GCC_NO_COMMON_BLOCKS = YES;
				GCC_OPTIMIZATION_LEVEL = 0;
				GCC_PREPROCESSOR_DEFINITIONS = (
					"DEBUG=1",
					"$(inherited)",
				);
				GCC_WARN_64_TO_32_BIT_CONVERSION = YES;
				GCC_WARN_ABOUT_RETURN_TYPE = YES_ERROR;
				GCC_WARN_UNDECLARED_SELECTOR = YES;
				GCC_WARN_UNINITIALIZED_AUTOS = YES_AGGRESSIVE;
				GCC_WARN_UNUSED_FUNCTION = YES;
				GCC_WARN_UNUSED_VARIABLE = YES;
				IPHONEOS_DEPLOYMENT_TARGET = 11.2;
				MTL_ENABLE_DEBUG_INFO = YES;
				ONLY_ACTIVE_ARCH = YES;
				SDKROOT = iphoneos;
				SWIFT_ACTIVE_COMPILATION_CONDITIONS = DEBUG;
				SWIFT_OPTIMIZATION_LEVEL = "-Onone";
			};
			name = Debug;
		};
		41773BC5232A310100DA2240 /* Release */ = {
			isa = XCBuildConfiguration;
			buildSettings = {
				ALWAYS_SEARCH_USER_PATHS = NO;
				CLANG_ANALYZER_NONNULL = YES;
				CLANG_ANALYZER_NUMBER_OBJECT_CONVERSION = YES_AGGRESSIVE;
				CLANG_CXX_LANGUAGE_STANDARD = "gnu++14";
				CLANG_CXX_LIBRARY = "libc++";
				CLANG_ENABLE_MODULES = YES;
				CLANG_ENABLE_OBJC_ARC = YES;
				CLANG_WARN_BLOCK_CAPTURE_AUTORELEASING = YES;
				CLANG_WARN_BOOL_CONVERSION = YES;
				CLANG_WARN_COMMA = YES;
				CLANG_WARN_CONSTANT_CONVERSION = YES;
				CLANG_WARN_DIRECT_OBJC_ISA_USAGE = YES_ERROR;
				CLANG_WARN_DOCUMENTATION_COMMENTS = YES;
				CLANG_WARN_EMPTY_BODY = YES;
				CLANG_WARN_ENUM_CONVERSION = YES;
				CLANG_WARN_INFINITE_RECURSION = YES;
				CLANG_WARN_INT_CONVERSION = YES;
				CLANG_WARN_NON_LITERAL_NULL_CONVERSION = YES;
				CLANG_WARN_OBJC_LITERAL_CONVERSION = YES;
				CLANG_WARN_OBJC_ROOT_CLASS = YES_ERROR;
				CLANG_WARN_RANGE_LOOP_ANALYSIS = YES;
				CLANG_WARN_STRICT_PROTOTYPES = YES;
				CLANG_WARN_SUSPICIOUS_MOVE = YES;
				CLANG_WARN_UNGUARDED_AVAILABILITY = YES_AGGRESSIVE;
				CLANG_WARN_UNREACHABLE_CODE = YES;
				CLANG_WARN__DUPLICATE_METHOD_MATCH = YES;
				CODE_SIGN_IDENTITY = "iPhone Developer";
				COPY_PHASE_STRIP = NO;
				DEBUG_INFORMATION_FORMAT = "dwarf-with-dsym";
				ENABLE_NS_ASSERTIONS = NO;
				ENABLE_STRICT_OBJC_MSGSEND = YES;
				GCC_C_LANGUAGE_STANDARD = gnu11;
				GCC_NO_COMMON_BLOCKS = YES;
				GCC_WARN_64_TO_32_BIT_CONVERSION = YES;
				GCC_WARN_ABOUT_RETURN_TYPE = YES_ERROR;
				GCC_WARN_UNDECLARED_SELECTOR = YES;
				GCC_WARN_UNINITIALIZED_AUTOS = YES_AGGRESSIVE;
				GCC_WARN_UNUSED_FUNCTION = YES;
				GCC_WARN_UNUSED_VARIABLE = YES;
				IPHONEOS_DEPLOYMENT_TARGET = 11.2;
				MTL_ENABLE_DEBUG_INFO = NO;
				SDKROOT = iphoneos;
				SWIFT_OPTIMIZATION_LEVEL = "-Owholemodule";
				VALIDATE_PRODUCT = YES;
			};
			name = Release;
		};
		41773BC7232A310100DA2240 /* Debug */ = {
			isa = XCBuildConfiguration;
			buildSettings = {
				ASSETCATALOG_COMPILER_APPICON_NAME = AppIcon;
				CODE_SIGN_STYLE = Automatic;
				INFOPLIST_FILE = "UI_New Registration form/Info.plist";
				LD_RUNPATH_SEARCH_PATHS = "$(inherited) @executable_path/Frameworks";
				PRODUCT_BUNDLE_IDENTIFIER = "bgv.UI-New-Registration-form";
				PRODUCT_NAME = "$(TARGET_NAME)";
				SWIFT_VERSION = 4.0;
				TARGETED_DEVICE_FAMILY = "1,2";
			};
			name = Debug;
		};
		41773BC8232A310100DA2240 /* Release */ = {
			isa = XCBuildConfiguration;
			buildSettings = {
				ASSETCATALOG_COMPILER_APPICON_NAME = AppIcon;
				CODE_SIGN_STYLE = Automatic;
				INFOPLIST_FILE = "UI_New Registration form/Info.plist";
				LD_RUNPATH_SEARCH_PATHS = "$(inherited) @executable_path/Frameworks";
				PRODUCT_BUNDLE_IDENTIFIER = "bgv.UI-New-Registration-form";
				PRODUCT_NAME = "$(TARGET_NAME)";
				SWIFT_VERSION = 4.0;
				TARGETED_DEVICE_FAMILY = "1,2";
			};
			name = Release;
		};
		41773BCA232A310100DA2240 /* Debug */ = {
			isa = XCBuildConfiguration;
			buildSettings = {
				ALWAYS_EMBED_SWIFT_STANDARD_LIBRARIES = YES;
				BUNDLE_LOADER = "$(TEST_HOST)";
				CODE_SIGN_STYLE = Automatic;
				INFOPLIST_FILE = "UI_New Registration formTests/Info.plist";
				LD_RUNPATH_SEARCH_PATHS = "$(inherited) @executable_path/Frameworks @loader_path/Frameworks";
				PRODUCT_BUNDLE_IDENTIFIER = "bgv.UI-New-Registration-formTests";
				PRODUCT_NAME = "$(TARGET_NAME)";
				SWIFT_VERSION = 4.0;
				TARGETED_DEVICE_FAMILY = "1,2";
				TEST_HOST = "$(BUILT_PRODUCTS_DIR)/UI_New Registration form.app/UI_New Registration form";
			};
			name = Debug;
		};
		41773BCB232A310100DA2240 /* Release */ = {
			isa = XCBuildConfiguration;
			buildSettings = {
				ALWAYS_EMBED_SWIFT_STANDARD_LIBRARIES = YES;
				BUNDLE_LOADER = "$(TEST_HOST)";
				CODE_SIGN_STYLE = Automatic;
				INFOPLIST_FILE = "UI_New Registration formTests/Info.plist";
				LD_RUNPATH_SEARCH_PATHS = "$(inherited) @executable_path/Frameworks @loader_path/Frameworks";
				PRODUCT_BUNDLE_IDENTIFIER = "bgv.UI-New-Registration-formTests";
				PRODUCT_NAME = "$(TARGET_NAME)";
				SWIFT_VERSION = 4.0;
				TARGETED_DEVICE_FAMILY = "1,2";
				TEST_HOST = "$(BUILT_PRODUCTS_DIR)/UI_New Registration form.app/UI_New Registration form";
			};
			name = Release;
		};
		41773BCD232A310100DA2240 /* Debug */ = {
			isa = XCBuildConfiguration;
			buildSettings = {
				ALWAYS_EMBED_SWIFT_STANDARD_LIBRARIES = YES;
				CODE_SIGN_STYLE = Automatic;
				INFOPLIST_FILE = "UI_New Registration formUITests/Info.plist";
				LD_RUNPATH_SEARCH_PATHS = "$(inherited) @executable_path/Frameworks @loader_path/Frameworks";
				PRODUCT_BUNDLE_IDENTIFIER = "bgv.UI-New-Registration-formUITests";
				PRODUCT_NAME = "$(TARGET_NAME)";
				SWIFT_VERSION = 4.0;
				TARGETED_DEVICE_FAMILY = "1,2";
				TEST_TARGET_NAME = "UI_New Registration form";
			};
			name = Debug;
		};
		41773BCE232A310100DA2240 /* Release */ = {
			isa = XCBuildConfiguration;
			buildSettings = {
				ALWAYS_EMBED_SWIFT_STANDARD_LIBRARIES = YES;
				CODE_SIGN_STYLE = Automatic;
				INFOPLIST_FILE = "UI_New Registration formUITests/Info.plist";
				LD_RUNPATH_SEARCH_PATHS = "$(inherited) @executable_path/Frameworks @loader_path/Frameworks";
				PRODUCT_BUNDLE_IDENTIFIER = "bgv.UI-New-Registration-formUITests";
				PRODUCT_NAME = "$(TARGET_NAME)";
				SWIFT_VERSION = 4.0;
				TARGETED_DEVICE_FAMILY = "1,2";
				TEST_TARGET_NAME = "UI_New Registration form";
			};
			name = Release;
		};
/* End XCBuildConfiguration section */

/* Begin XCConfigurationList section */
		41773B96232A310000DA2240 /* Build configuration list for PBXProject "UI_New Registration form" */ = {
			isa = XCConfigurationList;
			buildConfigurations = (
				41773BC4232A310100DA2240 /* Debug */,
				41773BC5232A310100DA2240 /* Release */,
			);
			defaultConfigurationIsVisible = 0;
			defaultConfigurationName = Release;
		};
		41773BC6232A310100DA2240 /* Build configuration list for PBXNativeTarget "UI_New Registration form" */ = {
			isa = XCConfigurationList;
			buildConfigurations = (
				41773BC7232A310100DA2240 /* Debug */,
				41773BC8232A310100DA2240 /* Release */,
			);
			defaultConfigurationIsVisible = 0;
			defaultConfigurationName = Release;
		};
		41773BC9232A310100DA2240 /* Build configuration list for PBXNativeTarget "UI_New Registration formTests" */ = {
			isa = XCConfigurationList;
			buildConfigurations = (
				41773BCA232A310100DA2240 /* Debug */,
				41773BCB232A310100DA2240 /* Release */,
			);
			defaultConfigurationIsVisible = 0;
			defaultConfigurationName = Release;
		};
		41773BCC232A310100DA2240 /* Build configuration list for PBXNativeTarget "UI_New Registration formUITests" */ = {
			isa = XCConfigurationList;
			buildConfigurations = (
				41773BCD232A310100DA2240 /* Debug */,
				41773BCE232A310100DA2240 /* Release */,
			);
			defaultConfigurationIsVisible = 0;
			defaultConfigurationName = Release;
		};
/* End XCConfigurationList section */

/* Begin XCVersionGroup section */
		41773BA5232A310000DA2240 /* UI_New_Registration_form.xcdatamodeld */ = {
			isa = XCVersionGroup;
			children = (
				41773BA6232A310000DA2240 /* UI_New_Registration_form.xcdatamodel */,
			);
			currentVersion = 41773BA6232A310000DA2240 /* UI_New_Registration_form.xcdatamodel */;
			path = UI_New_Registration_form.xcdatamodeld;
			sourceTree = "<group>";
			versionGroupType = wrapper.xcdatamodel;
		};
/* End XCVersionGroup section */
	};
	rootObject = 41773B93232A310000DA2240 /* Project object */;
}
